
Microsoft Visual Studio Solution File, Format Version 12.00
# Visual Studio Version 17
VisualStudioVersion = 17.7.34031.279
MinimumVisualStudioVersion = 10.0.40219.1
Project("{FAE04EC0-301F-11D3-BF4B-00C04F79EFBC}") = "practica_sem7_03", "practica_sem7_03\practica_sem7_03.csproj", "{67445BE0-645F-4543-9285-1A7023FBDD01}"
EndProject
Global
	GlobalSection(SolutionConfigurationPlatforms) = preSolution
		Debug|Any CPU = Debug|Any CPU
		Release|Any CPU = Release|Any CPU
	EndGlobalSection
	GlobalSection(ProjectConfigurationPlatforms) = postSolution
		{67445BE0-645F-4543-9285-1A7023FBDD01}.Debug|Any CPU.ActiveCfg = Debug|Any CPU
		{67445BE0-645F-4543-9285-1A7023FBDD01}.Debug|Any CPU.Build.0 = Debug|Any CPU
		{67445BE0-645F-4543-9285-1A7023FBDD01}.Release|Any CPU.ActiveCfg = Release|Any CPU
		{67445BE0-645F-4543-9285-1A7023FBDD01}.Release|Any CPU.Build.0 = Release|Any CPU
	EndGlobalSection
	GlobalSection(SolutionProperties) = preSolution
		HideSolutionNode = FALSE
	EndGlobalSection
	GlobalSection(ExtensibilityGlobals) = postSolution
		SolutionGuid = {475B4252-5EC6-40F8-B427-9FBAE9B605B0}
	EndGlobalSection
EndGlobal
